// !$*UTF8*$!
{
	archiveVersion = 1;
	classes = {
	};
	objectVersion = 46;
	objects = {

/* Begin PBXBuildFile section */
		9EA3D6311DDDB52B009DB0B3 /* RapidLogger.m in Sources */ = {isa = PBXBuildFile; fileRef = 9EA3D62E1DDDB52B009DB0B3 /* RapidLogger.m */; };
		9EA3D6321DDDB52B009DB0B3 /* RapidScreenRecorder.m in Sources */ = {isa = PBXBuildFile; fileRef = 9EA3D6301DDDB52B009DB0B3 /* RapidScreenRecorder.m */; };
		9EE65F591DD9BCE000DB995A /* main.m in Sources */ = {isa = PBXBuildFile; fileRef = 9EE65F581DD9BCE000DB995A /* main.m */; };
		9EE65F5C1DD9BCE000DB995A /* AppDelegate.m in Sources */ = {isa = PBXBuildFile; fileRef = 9EE65F5B1DD9BCE000DB995A /* AppDelegate.m */; };
		9EE65F5F1DD9BCE000DB995A /* ViewController.m in Sources */ = {isa = PBXBuildFile; fileRef = 9EE65F5E1DD9BCE000DB995A /* ViewController.m */; };
		9EE65F621DD9BCE000DB995A /* Main.storyboard in Resources */ = {isa = PBXBuildFile; fileRef = 9EE65F601DD9BCE000DB995A /* Main.storyboard */; };
		9EE65F641DD9BCE000DB995A /* Assets.xcassets in Resources */ = {isa = PBXBuildFile; fileRef = 9EE65F631DD9BCE000DB995A /* Assets.xcassets */; };
		9EE65F671DD9BCE000DB995A /* LaunchScreen.storyboard in Resources */ = {isa = PBXBuildFile; fileRef = 9EE65F651DD9BCE000DB995A /* LaunchScreen.storyboard */; };
/* End PBXBuildFile section */

/* Begin PBXFileReference section */
		9EA3D62D1DDDB52B009DB0B3 /* RapidLogger.h */ = {isa = PBXFileReference; fileEncoding = 4; lastKnownFileType = sourcecode.c.h; path = RapidLogger.h; sourceTree = "<group>"; };
		9EA3D62E1DDDB52B009DB0B3 /* RapidLogger.m */ = {isa = PBXFileReference; fileEncoding = 4; lastKnownFileType = sourcecode.c.objc; path = RapidLogger.m; sourceTree = "<group>"; };
		9EA3D62F1DDDB52B009DB0B3 /* RapidScreenRecorder.h */ = {isa = PBXFileReference; fileEncoding = 4; lastKnownFileType = sourcecode.c.h; path = RapidScreenRecorder.h; sourceTree = "<group>"; };
		9EA3D6301DDDB52B009DB0B3 /* RapidScreenRecorder.m */ = {isa = PBXFileReference; fileEncoding = 4; lastKnownFileType = sourcecode.c.objc; path = RapidScreenRecorder.m; sourceTree = "<group>"; };
		9EE65F541DD9BCE000DB995A /* TestLogger.app */ = {isa = PBXFileReference; explicitFileType = wrapper.application; includeInIndex = 0; path = TestLogger.app; sourceTree = BUILT_PRODUCTS_DIR; };
		9EE65F581DD9BCE000DB995A /* main.m */ = {isa = PBXFileReference; lastKnownFileType = sourcecode.c.objc; path = main.m; sourceTree = "<group>"; };
		9EE65F5A1DD9BCE000DB995A /* AppDelegate.h */ = {isa = PBXFileReference; lastKnownFileType = sourcecode.c.h; path = AppDelegate.h; sourceTree = "<group>"; };
		9EE65F5B1DD9BCE000DB995A /* AppDelegate.m */ = {isa = PBXFileReference; lastKnownFileType = sourcecode.c.objc; path = AppDelegate.m; sourceTree = "<group>"; };
		9EE65F5D1DD9BCE000DB995A /* ViewController.h */ = {isa = PBXFileReference; lastKnownFileType = sourcecode.c.h; path = ViewController.h; sourceTree = "<group>"; };
		9EE65F5E1DD9BCE000DB995A /* ViewController.m */ = {isa = PBXFileReference; lastKnownFileType = sourcecode.c.objc; path = ViewController.m; sourceTree = "<group>"; };
		9EE65F611DD9BCE000DB995A /* Base */ = {isa = PBXFileReference; lastKnownFileType = file.storyboard; name = Base; path = Base.lproj/Main.storyboard; sourceTree = "<group>"; };
		9EE65F631DD9BCE000DB995A /* Assets.xcassets */ = {isa = PBXFileReference; lastKnownFileType = folder.assetcatalog; path = Assets.xcassets; sourceTree = "<group>"; };
		9EE65F661DD9BCE000DB995A /* Base */ = {isa = PBXFileReference; lastKnownFileType = file.storyboard; name = Base; path = Base.lproj/LaunchScreen.storyboard; sourceTree = "<group>"; };
		9EE65F681DD9BCE000DB995A /* Info.plist */ = {isa = PBXFileReference; lastKnownFileType = text.plist.xml; path = Info.plist; sourceTree = "<group>"; };
		9EE65F751DD9BD2D00DB995A /* PrefixHeader.pch */ = {isa = PBXFileReference; lastKnownFileType = sourcecode.c.h; path = PrefixHeader.pch; sourceTree = "<group>"; };
/* End PBXFileReference section */

/* Begin PBXFrameworksBuildPhase section */
		9EE65F511DD9BCE000DB995A /* Frameworks */ = {
			isa = PBXFrameworksBuildPhase;
			buildActionMask = 2147483647;
			files = (
			);
			runOnlyForDeploymentPostprocessing = 0;
		};
/* End PBXFrameworksBuildPhase section */

/* Begin PBXGroup section */
		9EA3D62C1DDDB52B009DB0B3 /* RapidLogger */ = {
			isa = PBXGroup;
			children = (
				9EA3D62D1DDDB52B009DB0B3 /* RapidLogger.h */,
				9EA3D62E1DDDB52B009DB0B3 /* RapidLogger.m */,
				9EA3D62F1DDDB52B009DB0B3 /* RapidScreenRecorder.h */,
				9EA3D6301DDDB52B009DB0B3 /* RapidScreenRecorder.m */,
			);
			name = RapidLogger;
			path = ../../RapidLogger;
			sourceTree = "<group>";
		};
		9EE65F4B1DD9BCE000DB995A = {
			isa = PBXGroup;
			children = (
				9EE65F561DD9BCE000DB995A /* TestLogger */,
				9EE65F551DD9BCE000DB995A /* Products */,
			);
			sourceTree = "<group>";
		};
		9EE65F551DD9BCE000DB995A /* Products */ = {
			isa = PBXGroup;
			children = (
				9EE65F541DD9BCE000DB995A /* TestLogger.app */,
			);
			name = Products;
			sourceTree = "<group>";
		};
		9EE65F561DD9BCE000DB995A /* TestLogger */ = {
			isa = PBXGroup;
			children = (
				9EA3D62C1DDDB52B009DB0B3 /* RapidLogger */,
				9EE65F5A1DD9BCE000DB995A /* AppDelegate.h */,
				9EE65F5B1DD9BCE000DB995A /* AppDelegate.m */,
				9EE65F5D1DD9BCE000DB995A /* ViewController.h */,
				9EE65F5E1DD9BCE000DB995A /* ViewController.m */,
				9EE65F601DD9BCE000DB995A /* Main.storyboard */,
				9EE65F631DD9BCE000DB995A /* Assets.xcassets */,
				9EE65F651DD9BCE000DB995A /* LaunchScreen.storyboard */,
				9EE65F681DD9BCE000DB995A /* Info.plist */,
				9EE65F751DD9BD2D00DB995A /* PrefixHeader.pch */,
				9EE65F571DD9BCE000DB995A /* Supporting Files */,
			);
			path = TestLogger;
			sourceTree = "<group>";
		};
		9EE65F571DD9BCE000DB995A /* Supporting Files */ = {
			isa = PBXGroup;
			children = (
				9EE65F581DD9BCE000DB995A /* main.m */,
			);
			name = "Supporting Files";
			sourceTree = "<group>";
		};
/* End PBXGroup section */

/* Begin PBXNativeTarget section */
		9EE65F531DD9BCE000DB995A /* TestLogger */ = {
			isa = PBXNativeTarget;
			buildConfigurationList = 9EE65F6B1DD9BCE000DB995A /* Build configuration list for PBXNativeTarget "TestLogger" */;
			buildPhases = (
				9EE65F501DD9BCE000DB995A /* Sources */,
				9EE65F511DD9BCE000DB995A /* Frameworks */,
				9EE65F521DD9BCE000DB995A /* Resources */,
			);
			buildRules = (
			);
			dependencies = (
			);
			name = TestLogger;
			productName = TestLogger;
			productReference = 9EE65F541DD9BCE000DB995A /* TestLogger.app */;
			productType = "com.apple.product-type.application";
		};
/* End PBXNativeTarget section */

/* Begin PBXProject section */
		9EE65F4C1DD9BCE000DB995A /* Project object */ = {
			isa = PBXProject;
			attributes = {
				LastUpgradeCheck = 0810;
				ORGANIZATIONNAME = Rapid;
				TargetAttributes = {
					9EE65F531DD9BCE000DB995A = {
						CreatedOnToolsVersion = 8.1;
						ProvisioningStyle = Automatic;
					};
				};
			};
			buildConfigurationList = 9EE65F4F1DD9BCE000DB995A /* Build configuration list for PBXProject "TestLogger" */;
			compatibilityVersion = "Xcode 3.2";
			developmentRegion = English;
			hasScannedForEncodings = 0;
			knownRegions = (
				en,
				Base,
			);
			mainGroup = 9EE65F4B1DD9BCE000DB995A;
			productRefGroup = 9EE65F551DD9BCE000DB995A /* Products */;
			projectDirPath = "";
			projectRoot = "";
			targets = (
				9EE65F531DD9BCE000DB995A /* TestLogger */,
			);
		};
/* End PBXProject section */

/* Begin PBXResourcesBuildPhase section */
		9EE65F521DD9BCE000DB995A /* Resources */ = {
			isa = PBXResourcesBuildPhase;
			buildActionMask = 2147483647;
			files = (
				9EE65F671DD9BCE000DB995A /* LaunchScreen.storyboard in Resources */,
				9EE65F641DD9BCE000DB995A /* Assets.xcassets in Resources */,
				9EE65F621DD9BCE000DB995A /* Main.storyboard in Resources */,
			);
			runOnlyForDeploymentPostprocessing = 0;
		};
/* End PBXResourcesBuildPhase section */

/* Begin PBXSourcesBuildPhase section */
		9EE65F501DD9BCE000DB995A /* Sources */ = {
			isa = PBXSourcesBuildPhase;
			buildActionMask = 2147483647;
			files = (
				9EA3D6311DDDB52B009DB0B3 /* RapidLogger.m in Sources */,
				9EE65F5F1DD9BCE000DB995A /* ViewController.m in Sources */,
				9EE65F5C1DD9BCE000DB995A /* AppDelegate.m in Sources */,
				9EA3D6321DDDB52B009DB0B3 /* RapidScreenRecorder.m in Sources */,
				9EE65F591DD9BCE000DB995A /* main.m in Sources */,
			);
			runOnlyForDeploymentPostprocessing = 0;
		};
/* End PBXSourcesBuildPhase section */

/* Begin PBXVariantGroup section */
		9EE65F601DD9BCE000DB995A /* Main.storyboard */ = {
			isa = PBXVariantGroup;
			children = (
				9EE65F611DD9BCE000DB995A /* Base */,
			);
			name = Main.storyboard;
			sourceTree = "<group>";
		};
		9EE65F651DD9BCE000DB995A /* LaunchScreen.storyboard */ = {
			isa = PBXVariantGroup;
			children = (
				9EE65F661DD9BCE000DB995A /* Base */,
			);
			name = LaunchScreen.storyboard;
			sourceTree = "<group>";
		};
/* End PBXVariantGroup section */

/* Begin XCBuildConfiguration section */
		9EE65F691DD9BCE000DB995A /* Debug */ = {
			isa = XCBuildConfiguration;
			buildSettings = {
				ALWAYS_SEARCH_USER_PATHS = NO;
				CLANG_ANALYZER_NONNULL = YES;
				CLANG_CXX_LANGUAGE_STANDARD = "gnu++0x";
				CLANG_CXX_LIBRARY = "libc++";
				CLANG_ENABLE_MODULES = YES;
				CLANG_ENABLE_OBJC_ARC = YES;
				CLANG_WARN_BOOL_CONVERSION = YES;
				CLANG_WARN_CONSTANT_CONVERSION = YES;
				CLANG_WARN_DIRECT_OBJC_ISA_USAGE = YES_ERROR;
				CLANG_WARN_DOCUMENTATION_COMMENTS = YES;
				CLANG_WARN_EMPTY_BODY = YES;
				CLANG_WARN_ENUM_CONVERSION = YES;
				CLANG_WARN_INFINITE_RECURSION = YES;
				CLANG_WARN_INT_CONVERSION = YES;
				CLANG_WARN_OBJC_ROOT_CLASS = YES_ERROR;
				CLANG_WARN_SUSPICIOUS_MOVES = YES;
				CLANG_WARN_UNREACHABLE_CODE = YES;
				CLANG_WARN__DUPLICATE_METHOD_MATCH = YES;
				"CODE_SIGN_IDENTITY[sdk=iphoneos*]" = "iPhone Developer";
				COPY_PHASE_STRIP = NO;
				DEBUG_INFORMATION_FORMAT = dwarf;
				ENABLE_STRICT_OBJC_MSGSEND = YES;
				ENABLE_TESTABILITY = YES;
				GCC_C_LANGUAGE_STANDARD = gnu99;
				GCC_DYNAMIC_NO_PIC = NO;
				GCC_NO_COMMON_BLOCKS = YES;
				GCC_OPTIMIZATION_LEVEL = 0;
				GCC_PREPROCESSOR_DEFINITIONS = (
					"DEBUG=1",
					"$(inherited)",
				);
				GCC_WARN_64_TO_32_BIT_CONVERSION = YES;
				GCC_WARN_ABOUT_RETURN_TYPE = YES_ERROR;
				GCC_WARN_UNDECLARED_SELECTOR = YES;
				GCC_WARN_UNINITIALIZED_AUTOS = YES_AGGRESSIVE;
				GCC_WARN_UNUSED_FUNCTION = YES;
				GCC_WARN_UNUSED_VARIABLE = YES;
				IPHONEOS_DEPLOYMENT_TARGET = 10.1;
				MTL_ENABLE_DEBUG_INFO = YES;
				ONLY_ACTIVE_ARCH = YES;
				SDKROOT = iphoneos;
			};
			name = Debug;
		};
		9EE65F6A1DD9BCE000DB995A /* Release */ = {
			isa = XCBuildConfiguration;
			buildSettings = {
				ALWAYS_SEARCH_USER_PATHS = NO;
				CLANG_ANALYZER_NONNULL = YES;
				CLANG_CXX_LANGUAGE_STANDARD = "gnu++0x";
				CLANG_CXX_LIBRARY = "libc++";
				CLANG_ENABLE_MODULES = YES;
				CLANG_ENABLE_OBJC_ARC = YES;
				CLANG_WARN_BOOL_CONVERSION = YES;
				CLANG_WARN_CONSTANT_CONVERSION = YES;
				CLANG_WARN_DIRECT_OBJC_ISA_USAGE = YES_ERROR;
				CLANG_WARN_DOCUMENTATION_COMMENTS = YES;
				CLANG_WARN_EMPTY_BODY = YES;
				CLANG_WARN_ENUM_CONVERSION = YES;
				CLANG_WARN_INFINITE_RECURSION = YES;
				CLANG_WARN_INT_CONVERSION = YES;
				CLANG_WARN_OBJC_ROOT_CLASS = YES_ERROR;
				CLANG_WARN_SUSPICIOUS_MOVES = YES;
				CLANG_WARN_UNREACHABLE_CODE = YES;
				CLANG_WARN__DUPLICATE_METHOD_MATCH = YES;
				"CODE_SIGN_IDENTITY[sdk=iphoneos*]" = "iPhone Developer";
				COPY_PHASE_STRIP = NO;
				DEBUG_INFORMATION_FORMAT = "dwarf-with-dsym";
				ENABLE_NS_ASSERTIONS = NO;
				ENABLE_STRICT_OBJC_MSGSEND = YES;
				GCC_C_LANGUAGE_STANDARD = gnu99;
				GCC_NO_COMMON_BLOCKS = YES;
				GCC_WARN_64_TO_32_BIT_CONVERSION = YES;
				GCC_WARN_ABOUT_RETURN_TYPE = YES_ERROR;
				GCC_WARN_UNDECLARED_SELECTOR = YES;
				GCC_WARN_UNINITIALIZED_AUTOS = YES_AGGRESSIVE;
				GCC_WARN_UNUSED_FUNCTION = YES;
				GCC_WARN_UNUSED_VARIABLE = YES;
				IPHONEOS_DEPLOYMENT_TARGET = 10.1;
				MTL_ENABLE_DEBUG_INFO = NO;
				SDKROOT = iphoneos;
				VALIDATE_PRODUCT = YES;
			};
			name = Release;
		};
		9EE65F6C1DD9BCE000DB995A /* Debug */ = {
			isa = XCBuildConfiguration;
			buildSettings = {
				ASSETCATALOG_COMPILER_APPICON_NAME = AppIcon;
				INFOPLIST_FILE = TestLogger/Info.plist;
				LD_RUNPATH_SEARCH_PATHS = "$(inherited) @executable_path/Frameworks";
				PRODUCT_BUNDLE_IDENTIFIER = com.rapid.TestLogger.TestLogger;
				PRODUCT_NAME = "$(TARGET_NAME)";
			};
			name = Debug;
		};
		9EE65F6D1DD9BCE000DB995A /* Release */ = {
			isa = XCBuildConfiguration;
			buildSettings = {
				ASSETCATALOG_COMPILER_APPICON_NAME = AppIcon;
				INFOPLIST_FILE = TestLogger/Info.plist;
				LD_RUNPATH_SEARCH_PATHS = "$(inherited) @executable_path/Frameworks";
				PRODUCT_BUNDLE_IDENTIFIER = com.rapid.TestLogger.TestLogger;
				PRODUCT_NAME = "$(TARGET_NAME)";
			};
			name = Release;
		};
/* End XCBuildConfiguration section */

/* Begin XCConfigurationList section */
		9EE65F4F1DD9BCE000DB995A /* Build configuration list for PBXProject "TestLogger" */ = {
			isa = XCConfigurationList;
			buildConfigurations = (
				9EE65F691DD9BCE000DB995A /* Debug */,
				9EE65F6A1DD9BCE000DB995A /* Release */,
			);
			defaultConfigurationIsVisible = 0;
			defaultConfigurationName = Release;
		};
		9EE65F6B1DD9BCE000DB995A /* Build configuration list for PBXNativeTarget "TestLogger" */ = {
			isa = XCConfigurationList;
			buildConfigurations = (
				9EE65F6C1DD9BCE000DB995A /* Debug */,
				9EE65F6D1DD9BCE000DB995A /* Release */,
			);
			defaultConfigurationIsVisible = 0;
			defaultConfigurationName = Release;
		};
/* End XCConfigurationList section */
	};
	rootObject = 9EE65F4C1DD9BCE000DB995A /* Project object */;
}
